
Microsoft Visual Studio Solution File, Format Version 12.00
# Visual Studio 15
VisualStudioVersion = 15.0.27703.2042
MinimumVisualStudioVersion = 10.0.40219.1
Project("{FAE04EC0-301F-11D3-BF4B-00C04F79EFBC}") = "ASP_MVC_dz5", "ASP_MVC_dz5\ASP_MVC_dz5.csproj", "{D8EA678D-E9C1-4D5E-AE98-65FCE1FAF617}"
EndProject
Global
	GlobalSection(SolutionConfigurationPlatforms) = preSolution
		Debug|Any CPU = Debug|Any CPU
		Release|Any CPU = Release|Any CPU
	EndGlobalSection
	GlobalSection(ProjectConfigurationPlatforms) = postSolution
		{D8EA678D-E9C1-4D5E-AE98-65FCE1FAF617}.Debug|Any CPU.ActiveCfg = Debug|Any CPU
		{D8EA678D-E9C1-4D5E-AE98-65FCE1FAF617}.Debug|Any CPU.Build.0 = Debug|Any CPU
		{D8EA678D-E9C1-4D5E-AE98-65FCE1FAF617}.Release|Any CPU.ActiveCfg = Release|Any CPU
		{D8EA678D-E9C1-4D5E-AE98-65FCE1FAF617}.Release|Any CPU.Build.0 = Release|Any CPU
	EndGlobalSection
	GlobalSection(SolutionProperties) = preSolution
		HideSolutionNode = FALSE
	EndGlobalSection
	GlobalSection(ExtensibilityGlobals) = postSolution
		SolutionGuid = {0E2488F6-C8EB-4CCB-B02D-2627BD1D8521}
	EndGlobalSection
EndGlobal
